
Microsoft Visual Studio Solution File, Format Version 12.00
# Visual Studio Version 17
VisualStudioVersion = 17.10.34825.169
MinimumVisualStudioVersion = 10.0.40219.1
Project("{FAE04EC0-301F-11D3-BF4B-00C04F79EFBC}") = "AzureCachingForRedis", "AzureCachingForRedis\AzureCachingForRedis.csproj", "{B714D97A-13DD-47C0-BE40-6B1769F0A1A7}"
EndProject
Global
	GlobalSection(SolutionConfigurationPlatforms) = preSolution
		Debug|Any CPU = Debug|Any CPU
		Release|Any CPU = Release|Any CPU
	EndGlobalSection
	GlobalSection(ProjectConfigurationPlatforms) = postSolution
		{B714D97A-13DD-47C0-BE40-6B1769F0A1A7}.Debug|Any CPU.ActiveCfg = Debug|Any CPU
		{B714D97A-13DD-47C0-BE40-6B1769F0A1A7}.Debug|Any CPU.Build.0 = Debug|Any CPU
		{B714D97A-13DD-47C0-BE40-6B1769F0A1A7}.Release|Any CPU.ActiveCfg = Release|Any CPU
		{B714D97A-13DD-47C0-BE40-6B1769F0A1A7}.Release|Any CPU.Build.0 = Release|Any CPU
	EndGlobalSection
	GlobalSection(SolutionProperties) = preSolution
		HideSolutionNode = FALSE
	EndGlobalSection
	GlobalSection(ExtensibilityGlobals) = postSolution
		SolutionGuid = {D8AB28C5-6D38-4944-B522-F80CA3070B7F}
	EndGlobalSection
EndGlobal
